// !$*UTF8*$!
{
	archiveVersion = 1;
	classes = {
	};
	objectVersion = 55;
	objects = {

/* Begin PBXBuildFile section */
		BE9311DC2758935500198748 /* TextView in Frameworks */ = {isa = PBXBuildFile; productRef = BE9311DB2758935500198748 /* TextView */; };
		BEA50C4527584D99000D1FA3 /* sound_picturesApp.swift in Sources */ = {isa = PBXBuildFile; fileRef = BEA50C4427584D99000D1FA3 /* sound_picturesApp.swift */; };
		BEA50C4727584D99000D1FA3 /* ContentView.swift in Sources */ = {isa = PBXBuildFile; fileRef = BEA50C4627584D99000D1FA3 /* ContentView.swift */; };
		BEA50C4927584D9A000D1FA3 /* Assets.xcassets in Resources */ = {isa = PBXBuildFile; fileRef = BEA50C4827584D9A000D1FA3 /* Assets.xcassets */; };
		BEA50C4C27584D9A000D1FA3 /* Preview Assets.xcassets in Resources */ = {isa = PBXBuildFile; fileRef = BEA50C4B27584D9A000D1FA3 /* Preview Assets.xcassets */; };
		BEA50C4E27584D9A000D1FA3 /* Persistence.swift in Sources */ = {isa = PBXBuildFile; fileRef = BEA50C4D27584D9A000D1FA3 /* Persistence.swift */; };
		BEA50C5127584D9A000D1FA3 /* sound_pictures.xcdatamodeld in Sources */ = {isa = PBXBuildFile; fileRef = BEA50C4F27584D9A000D1FA3 /* sound_pictures.xcdatamodeld */; };
		BEA50C5A27585809000D1FA3 /* ExamplesView.swift in Sources */ = {isa = PBXBuildFile; fileRef = BEA50C5927585809000D1FA3 /* ExamplesView.swift */; };
		BEA50C5C275859B3000D1FA3 /* TripleSpacer.swift in Sources */ = {isa = PBXBuildFile; fileRef = BEA50C5B275859B3000D1FA3 /* TripleSpacer.swift */; };
		BEA50C5E275861BB000D1FA3 /* RecordView.swift in Sources */ = {isa = PBXBuildFile; fileRef = BEA50C5D275861BB000D1FA3 /* RecordView.swift */; };
		BEA50C60275879F3000D1FA3 /* Recorder.swift in Sources */ = {isa = PBXBuildFile; fileRef = BEA50C5F275879F3000D1FA3 /* Recorder.swift */; };
		BEA50C6227587ED4000D1FA3 /* Player.swift in Sources */ = {isa = PBXBuildFile; fileRef = BEA50C6127587ED4000D1FA3 /* Player.swift */; };
		BEA50C6527588E92000D1FA3 /* InstructionsView.swift in Sources */ = {isa = PBXBuildFile; fileRef = BEA50C6427588E91000D1FA3 /* InstructionsView.swift */; };
/* End PBXBuildFile section */

/* Begin PBXFileReference section */
		BEA50C4127584D99000D1FA3 /* sound pictures.app */ = {isa = PBXFileReference; explicitFileType = wrapper.application; includeInIndex = 0; path = "sound pictures.app"; sourceTree = BUILT_PRODUCTS_DIR; };
		BEA50C4427584D99000D1FA3 /* sound_picturesApp.swift */ = {isa = PBXFileReference; lastKnownFileType = sourcecode.swift; path = sound_picturesApp.swift; sourceTree = "<group>"; };
		BEA50C4627584D99000D1FA3 /* ContentView.swift */ = {isa = PBXFileReference; lastKnownFileType = sourcecode.swift; path = ContentView.swift; sourceTree = "<group>"; };
		BEA50C4827584D9A000D1FA3 /* Assets.xcassets */ = {isa = PBXFileReference; lastKnownFileType = folder.assetcatalog; path = Assets.xcassets; sourceTree = "<group>"; };
		BEA50C4B27584D9A000D1FA3 /* Preview Assets.xcassets */ = {isa = PBXFileReference; lastKnownFileType = folder.assetcatalog; path = "Preview Assets.xcassets"; sourceTree = "<group>"; };
		BEA50C4D27584D9A000D1FA3 /* Persistence.swift */ = {isa = PBXFileReference; lastKnownFileType = sourcecode.swift; path = Persistence.swift; sourceTree = "<group>"; };
		BEA50C5027584D9A000D1FA3 /* sound_pictures.xcdatamodel */ = {isa = PBXFileReference; lastKnownFileType = wrapper.xcdatamodel; path = sound_pictures.xcdatamodel; sourceTree = "<group>"; };
		BEA50C5927585809000D1FA3 /* ExamplesView.swift */ = {isa = PBXFileReference; fileEncoding = 4; lastKnownFileType = sourcecode.swift; path = ExamplesView.swift; sourceTree = "<group>"; };
		BEA50C5B275859B3000D1FA3 /* TripleSpacer.swift */ = {isa = PBXFileReference; lastKnownFileType = sourcecode.swift; path = TripleSpacer.swift; sourceTree = "<group>"; };
		BEA50C5D275861BB000D1FA3 /* RecordView.swift */ = {isa = PBXFileReference; lastKnownFileType = sourcecode.swift; path = RecordView.swift; sourceTree = "<group>"; };
		BEA50C5F275879F3000D1FA3 /* Recorder.swift */ = {isa = PBXFileReference; lastKnownFileType = sourcecode.swift; path = Recorder.swift; sourceTree = "<group>"; };
		BEA50C6127587ED4000D1FA3 /* Player.swift */ = {isa = PBXFileReference; lastKnownFileType = sourcecode.swift; path = Player.swift; sourceTree = "<group>"; };
		BEA50C632758868B000D1FA3 /* sound-pictures-Info.plist */ = {isa = PBXFileReference; lastKnownFileType = text.plist; path = "sound-pictures-Info.plist"; sourceTree = SOURCE_ROOT; };
		BEA50C6427588E91000D1FA3 /* InstructionsView.swift */ = {isa = PBXFileReference; lastKnownFileType = sourcecode.swift; path = InstructionsView.swift; sourceTree = "<group>"; };
/* End PBXFileReference section */

/* Begin PBXFrameworksBuildPhase section */
		BEA50C3E27584D99000D1FA3 /* Frameworks */ = {
			isa = PBXFrameworksBuildPhase;
			buildActionMask = 2147483647;
			files = (
				BE9311DC2758935500198748 /* TextView in Frameworks */,
			);
			runOnlyForDeploymentPostprocessing = 0;
		};
/* End PBXFrameworksBuildPhase section */

/* Begin PBXGroup section */
		BEA50C3827584D99000D1FA3 = {
			isa = PBXGroup;
			children = (
				BEA50C4327584D99000D1FA3 /* sound pictures */,
				BEA50C4227584D99000D1FA3 /* Products */,
			);
			sourceTree = "<group>";
		};
		BEA50C4227584D99000D1FA3 /* Products */ = {
			isa = PBXGroup;
			children = (
				BEA50C4127584D99000D1FA3 /* sound pictures.app */,
			);
			name = Products;
			sourceTree = "<group>";
		};
		BEA50C4327584D99000D1FA3 /* sound pictures */ = {
			isa = PBXGroup;
			children = (
				BEA50C632758868B000D1FA3 /* sound-pictures-Info.plist */,
				BEA50C4427584D99000D1FA3 /* sound_picturesApp.swift */,
				BEA50C4627584D99000D1FA3 /* ContentView.swift */,
				BEA50C5B275859B3000D1FA3 /* TripleSpacer.swift */,
				BEA50C5927585809000D1FA3 /* ExamplesView.swift */,
				BEA50C5D275861BB000D1FA3 /* RecordView.swift */,
				BEA50C6427588E91000D1FA3 /* InstructionsView.swift */,
				BEA50C5F275879F3000D1FA3 /* Recorder.swift */,
				BEA50C6127587ED4000D1FA3 /* Player.swift */,
				BEA50C4D27584D9A000D1FA3 /* Persistence.swift */,
				BEA50C4827584D9A000D1FA3 /* Assets.xcassets */,
				BEA50C4F27584D9A000D1FA3 /* sound_pictures.xcdatamodeld */,
				BEA50C4A27584D9A000D1FA3 /* Preview Content */,
			);
			path = "sound pictures";
			sourceTree = "<group>";
		};
		BEA50C4A27584D9A000D1FA3 /* Preview Content */ = {
			isa = PBXGroup;
			children = (
				BEA50C4B27584D9A000D1FA3 /* Preview Assets.xcassets */,
			);
			path = "Preview Content";
			sourceTree = "<group>";
		};
/* End PBXGroup section */

/* Begin PBXNativeTarget section */
		BEA50C4027584D99000D1FA3 /* sound pictures */ = {
			isa = PBXNativeTarget;
			buildConfigurationList = BEA50C5427584D9A000D1FA3 /* Build configuration list for PBXNativeTarget "sound pictures" */;
			buildPhases = (
				BEA50C3D27584D99000D1FA3 /* Sources */,
				BEA50C3E27584D99000D1FA3 /* Frameworks */,
				BEA50C3F27584D99000D1FA3 /* Resources */,
			);
			buildRules = (
			);
			dependencies = (
			);
			name = "sound pictures";
			packageProductDependencies = (
				BE9311DB2758935500198748 /* TextView */,
			);
			productName = "sound pictures";
			productReference = BEA50C4127584D99000D1FA3 /* sound pictures.app */;
			productType = "com.apple.product-type.application";
		};
/* End PBXNativeTarget section */

/* Begin PBXProject section */
		BEA50C3927584D99000D1FA3 /* Project object */ = {
			isa = PBXProject;
			attributes = {
				BuildIndependentTargetsInParallel = 1;
				LastSwiftUpdateCheck = 1310;
				LastUpgradeCheck = 1310;
				TargetAttributes = {
					BEA50C4027584D99000D1FA3 = {
						CreatedOnToolsVersion = 13.1;
					};
				};
			};
			buildConfigurationList = BEA50C3C27584D99000D1FA3 /* Build configuration list for PBXProject "sound pictures" */;
			compatibilityVersion = "Xcode 13.0";
			developmentRegion = en;
			hasScannedForEncodings = 0;
			knownRegions = (
				en,
				Base,
			);
			mainGroup = BEA50C3827584D99000D1FA3;
			packageReferences = (
				BE9311DA2758935500198748 /* XCRemoteSwiftPackageReference "TextView" */,
			);
			productRefGroup = BEA50C4227584D99000D1FA3 /* Products */;
			projectDirPath = "";
			projectRoot = "";
			targets = (
				BEA50C4027584D99000D1FA3 /* sound pictures */,
			);
		};
/* End PBXProject section */

/* Begin PBXResourcesBuildPhase section */
		BEA50C3F27584D99000D1FA3 /* Resources */ = {
			isa = PBXResourcesBuildPhase;
			buildActionMask = 2147483647;
			files = (
				BEA50C4C27584D9A000D1FA3 /* Preview Assets.xcassets in Resources */,
				BEA50C4927584D9A000D1FA3 /* Assets.xcassets in Resources */,
			);
			runOnlyForDeploymentPostprocessing = 0;
		};
/* End PBXResourcesBuildPhase section */

/* Begin PBXSourcesBuildPhase section */
		BEA50C3D27584D99000D1FA3 /* Sources */ = {
			isa = PBXSourcesBuildPhase;
			buildActionMask = 2147483647;
			files = (
				BEA50C4E27584D9A000D1FA3 /* Persistence.swift in Sources */,
				BEA50C6527588E92000D1FA3 /* InstructionsView.swift in Sources */,
				BEA50C4727584D99000D1FA3 /* ContentView.swift in Sources */,
				BEA50C5127584D9A000D1FA3 /* sound_pictures.xcdatamodeld in Sources */,
				BEA50C5E275861BB000D1FA3 /* RecordView.swift in Sources */,
				BEA50C5C275859B3000D1FA3 /* TripleSpacer.swift in Sources */,
				BEA50C5A27585809000D1FA3 /* ExamplesView.swift in Sources */,
				BEA50C4527584D99000D1FA3 /* sound_picturesApp.swift in Sources */,
				BEA50C6227587ED4000D1FA3 /* Player.swift in Sources */,
				BEA50C60275879F3000D1FA3 /* Recorder.swift in Sources */,
			);
			runOnlyForDeploymentPostprocessing = 0;
		};
/* End PBXSourcesBuildPhase section */

/* Begin XCBuildConfiguration section */
		BEA50C5227584D9A000D1FA3 /* Debug */ = {
			isa = XCBuildConfiguration;
			buildSettings = {
				ALWAYS_SEARCH_USER_PATHS = NO;
				CLANG_ANALYZER_NONNULL = YES;
				CLANG_ANALYZER_NUMBER_OBJECT_CONVERSION = YES_AGGRESSIVE;
				CLANG_CXX_LANGUAGE_STANDARD = "gnu++17";
				CLANG_CXX_LIBRARY = "libc++";
				CLANG_ENABLE_MODULES = YES;
				CLANG_ENABLE_OBJC_ARC = YES;
				CLANG_ENABLE_OBJC_WEAK = YES;
				CLANG_WARN_BLOCK_CAPTURE_AUTORELEASING = YES;
				CLANG_WARN_BOOL_CONVERSION = YES;
				CLANG_WARN_COMMA = YES;
				CLANG_WARN_CONSTANT_CONVERSION = YES;
				CLANG_WARN_DEPRECATED_OBJC_IMPLEMENTATIONS = YES;
				CLANG_WARN_DIRECT_OBJC_ISA_USAGE = YES_ERROR;
				CLANG_WARN_DOCUMENTATION_COMMENTS = YES;
				CLANG_WARN_EMPTY_BODY = YES;
				CLANG_WARN_ENUM_CONVERSION = YES;
				CLANG_WARN_INFINITE_RECURSION = YES;
				CLANG_WARN_INT_CONVERSION = YES;
				CLANG_WARN_NON_LITERAL_NULL_CONVERSION = YES;
				CLANG_WARN_OBJC_IMPLICIT_RETAIN_SELF = YES;
				CLANG_WARN_OBJC_LITERAL_CONVERSION = YES;
				CLANG_WARN_OBJC_ROOT_CLASS = YES_ERROR;
				CLANG_WARN_QUOTED_INCLUDE_IN_FRAMEWORK_HEADER = YES;
				CLANG_WARN_RANGE_LOOP_ANALYSIS = YES;
				CLANG_WARN_STRICT_PROTOTYPES = YES;
				CLANG_WARN_SUSPICIOUS_MOVE = YES;
				CLANG_WARN_UNGUARDED_AVAILABILITY = YES_AGGRESSIVE;
				CLANG_WARN_UNREACHABLE_CODE = YES;
				CLANG_WARN__DUPLICATE_METHOD_MATCH = YES;
				COPY_PHASE_STRIP = NO;
				DEBUG_INFORMATION_FORMAT = dwarf;
				ENABLE_STRICT_OBJC_MSGSEND = YES;
				ENABLE_TESTABILITY = YES;
				GCC_C_LANGUAGE_STANDARD = gnu11;
				GCC_DYNAMIC_NO_PIC = NO;
				GCC_NO_COMMON_BLOCKS = YES;
				GCC_OPTIMIZATION_LEVEL = 0;
				GCC_PREPROCESSOR_DEFINITIONS = (
					"DEBUG=1",
					"$(inherited)",
				);
				GCC_WARN_64_TO_32_BIT_CONVERSION = YES;
				GCC_WARN_ABOUT_RETURN_TYPE = YES_ERROR;
				GCC_WARN_UNDECLARED_SELECTOR = YES;
				GCC_WARN_UNINITIALIZED_AUTOS = YES_AGGRESSIVE;
				GCC_WARN_UNUSED_FUNCTION = YES;
				GCC_WARN_UNUSED_VARIABLE = YES;
				IPHONEOS_DEPLOYMENT_TARGET = 15.0;
				MTL_ENABLE_DEBUG_INFO = INCLUDE_SOURCE;
				MTL_FAST_MATH = YES;
				ONLY_ACTIVE_ARCH = YES;
				SDKROOT = iphoneos;
				SWIFT_ACTIVE_COMPILATION_CONDITIONS = DEBUG;
				SWIFT_OPTIMIZATION_LEVEL = "-Onone";
			};
			name = Debug;
		};
		BEA50C5327584D9A000D1FA3 /* Release */ = {
			isa = XCBuildConfiguration;
			buildSettings = {
				ALWAYS_SEARCH_USER_PATHS = NO;
				CLANG_ANALYZER_NONNULL = YES;
				CLANG_ANALYZER_NUMBER_OBJECT_CONVERSION = YES_AGGRESSIVE;
				CLANG_CXX_LANGUAGE_STANDARD = "gnu++17";
				CLANG_CXX_LIBRARY = "libc++";
				CLANG_ENABLE_MODULES = YES;
				CLANG_ENABLE_OBJC_ARC = YES;
				CLANG_ENABLE_OBJC_WEAK = YES;
				CLANG_WARN_BLOCK_CAPTURE_AUTORELEASING = YES;
				CLANG_WARN_BOOL_CONVERSION = YES;
				CLANG_WARN_COMMA = YES;
				CLANG_WARN_CONSTANT_CONVERSION = YES;
				CLANG_WARN_DEPRECATED_OBJC_IMPLEMENTATIONS = YES;
				CLANG_WARN_DIRECT_OBJC_ISA_USAGE = YES_ERROR;
				CLANG_WARN_DOCUMENTATION_COMMENTS = YES;
				CLANG_WARN_EMPTY_BODY = YES;
				CLANG_WARN_ENUM_CONVERSION = YES;
				CLANG_WARN_INFINITE_RECURSION = YES;
				CLANG_WARN_INT_CONVERSION = YES;
				CLANG_WARN_NON_LITERAL_NULL_CONVERSION = YES;
				CLANG_WARN_OBJC_IMPLICIT_RETAIN_SELF = YES;
				CLANG_WARN_OBJC_LITERAL_CONVERSION = YES;
				CLANG_WARN_OBJC_ROOT_CLASS = YES_ERROR;
				CLANG_WARN_QUOTED_INCLUDE_IN_FRAMEWORK_HEADER = YES;
				CLANG_WARN_RANGE_LOOP_ANALYSIS = YES;
				CLANG_WARN_STRICT_PROTOTYPES = YES;
				CLANG_WARN_SUSPICIOUS_MOVE = YES;
				CLANG_WARN_UNGUARDED_AVAILABILITY = YES_AGGRESSIVE;
				CLANG_WARN_UNREACHABLE_CODE = YES;
				CLANG_WARN__DUPLICATE_METHOD_MATCH = YES;
				COPY_PHASE_STRIP = NO;
				DEBUG_INFORMATION_FORMAT = "dwarf-with-dsym";
				ENABLE_NS_ASSERTIONS = NO;
				ENABLE_STRICT_OBJC_MSGSEND = YES;
				GCC_C_LANGUAGE_STANDARD = gnu11;
				GCC_NO_COMMON_BLOCKS = YES;
				GCC_WARN_64_TO_32_BIT_CONVERSION = YES;
				GCC_WARN_ABOUT_RETURN_TYPE = YES_ERROR;
				GCC_WARN_UNDECLARED_SELECTOR = YES;
				GCC_WARN_UNINITIALIZED_AUTOS = YES_AGGRESSIVE;
				GCC_WARN_UNUSED_FUNCTION = YES;
				GCC_WARN_UNUSED_VARIABLE = YES;
				IPHONEOS_DEPLOYMENT_TARGET = 15.0;
				MTL_ENABLE_DEBUG_INFO = NO;
				MTL_FAST_MATH = YES;
				SDKROOT = iphoneos;
				SWIFT_COMPILATION_MODE = wholemodule;
				SWIFT_OPTIMIZATION_LEVEL = "-O";
				VALIDATE_PRODUCT = YES;
			};
			name = Release;
		};
		BEA50C5527584D9A000D1FA3 /* Debug */ = {
			isa = XCBuildConfiguration;
			buildSettings = {
				ASSETCATALOG_COMPILER_APPICON_NAME = AppIcon;
				ASSETCATALOG_COMPILER_GLOBAL_ACCENT_COLOR_NAME = AccentColor;
				CODE_SIGN_STYLE = Automatic;
				CURRENT_PROJECT_VERSION = 1;
				DEVELOPMENT_ASSET_PATHS = "\"sound pictures/Preview Content\"";
				DEVELOPMENT_TEAM = 7M53NGQ966;
				ENABLE_PREVIEWS = YES;
				GENERATE_INFOPLIST_FILE = YES;
				INFOPLIST_FILE = "sound-pictures-Info.plist";
				INFOPLIST_KEY_UIApplicationSceneManifest_Generation = YES;
				INFOPLIST_KEY_UIApplicationSupportsIndirectInputEvents = YES;
				INFOPLIST_KEY_UILaunchScreen_Generation = YES;
				INFOPLIST_KEY_UISupportedInterfaceOrientations_iPad = "UIInterfaceOrientationPortrait UIInterfaceOrientationPortraitUpsideDown UIInterfaceOrientationLandscapeLeft UIInterfaceOrientationLandscapeRight";
				INFOPLIST_KEY_UISupportedInterfaceOrientations_iPhone = "UIInterfaceOrientationPortrait UIInterfaceOrientationLandscapeLeft UIInterfaceOrientationLandscapeRight";
				LD_RUNPATH_SEARCH_PATHS = (
					"$(inherited)",
					"@executable_path/Frameworks",
				);
				MARKETING_VERSION = 1.0;
				PRODUCT_BUNDLE_IDENTIFIER = "will-hodges.sound-pictures";
				PRODUCT_NAME = "$(TARGET_NAME)";
				SWIFT_EMIT_LOC_STRINGS = YES;
				SWIFT_VERSION = 5.0;
				TARGETED_DEVICE_FAMILY = "1,2";
			};
			name = Debug;
		};
		BEA50C5627584D9A000D1FA3 /* Release */ = {
			isa = XCBuildConfiguration;
			buildSettings = {
				ASSETCATALOG_COMPILER_APPICON_NAME = AppIcon;
				ASSETCATALOG_COMPILER_GLOBAL_ACCENT_COLOR_NAME = AccentColor;
				CODE_SIGN_STYLE = Automatic;
				CURRENT_PROJECT_VERSION = 1;
				DEVELOPMENT_ASSET_PATHS = "\"sound pictures/Preview Content\"";
				DEVELOPMENT_TEAM = 7M53NGQ966;
				ENABLE_PREVIEWS = YES;
				GENERATE_INFOPLIST_FILE = YES;
				INFOPLIST_FILE = "sound-pictures-Info.plist";
				INFOPLIST_KEY_UIApplicationSceneManifest_Generation = YES;
				INFOPLIST_KEY_UIApplicationSupportsIndirectInputEvents = YES;
				INFOPLIST_KEY_UILaunchScreen_Generation = YES;
				INFOPLIST_KEY_UISupportedInterfaceOrientations_iPad = "UIInterfaceOrientationPortrait UIInterfaceOrientationPortraitUpsideDown UIInterfaceOrientationLandscapeLeft UIInterfaceOrientationLandscapeRight";
				INFOPLIST_KEY_UISupportedInterfaceOrientations_iPhone = "UIInterfaceOrientationPortrait UIInterfaceOrientationLandscapeLeft UIInterfaceOrientationLandscapeRight";
				LD_RUNPATH_SEARCH_PATHS = (
					"$(inherited)",
					"@executable_path/Frameworks",
				);
				MARKETING_VERSION = 1.0;
				PRODUCT_BUNDLE_IDENTIFIER = "will-hodges.sound-pictures";
				PRODUCT_NAME = "$(TARGET_NAME)";
				SWIFT_EMIT_LOC_STRINGS = YES;
				SWIFT_VERSION = 5.0;
				TARGETED_DEVICE_FAMILY = "1,2";
			};
			name = Release;
		};
/* End XCBuildConfiguration section */

/* Begin XCConfigurationList section */
		BEA50C3C27584D99000D1FA3 /* Build configuration list for PBXProject "sound pictures" */ = {
			isa = XCConfigurationList;
			buildConfigurations = (
				BEA50C5227584D9A000D1FA3 /* Debug */,
				BEA50C5327584D9A000D1FA3 /* Release */,
			);
			defaultConfigurationIsVisible = 0;
			defaultConfigurationName = Release;
		};
		BEA50C5427584D9A000D1FA3 /* Build configuration list for PBXNativeTarget "sound pictures" */ = {
			isa = XCConfigurationList;
			buildConfigurations = (
				BEA50C5527584D9A000D1FA3 /* Debug */,
				BEA50C5627584D9A000D1FA3 /* Release */,
			);
			defaultConfigurationIsVisible = 0;
			defaultConfigurationName = Release;
		};
/* End XCConfigurationList section */

/* Begin XCRemoteSwiftPackageReference section */
		BE9311DA2758935500198748 /* XCRemoteSwiftPackageReference "TextView" */ = {
			isa = XCRemoteSwiftPackageReference;
			repositoryURL = "https://github.com/kenmueller/TextView";
			requirement = {
				kind = upToNextMajorVersion;
				minimumVersion = 1.0.0;
			};
		};
/* End XCRemoteSwiftPackageReference section */

/* Begin XCSwiftPackageProductDependency section */
		BE9311DB2758935500198748 /* TextView */ = {
			isa = XCSwiftPackageProductDependency;
			package = BE9311DA2758935500198748 /* XCRemoteSwiftPackageReference "TextView" */;
			productName = TextView;
		};
/* End XCSwiftPackageProductDependency section */

/* Begin XCVersionGroup section */
		BEA50C4F27584D9A000D1FA3 /* sound_pictures.xcdatamodeld */ = {
			isa = XCVersionGroup;
			children = (
				BEA50C5027584D9A000D1FA3 /* sound_pictures.xcdatamodel */,
			);
			currentVersion = BEA50C5027584D9A000D1FA3 /* sound_pictures.xcdatamodel */;
			path = sound_pictures.xcdatamodeld;
			sourceTree = "<group>";
			versionGroupType = wrapper.xcdatamodel;
		};
/* End XCVersionGroup section */
	};
	rootObject = BEA50C3927584D99000D1FA3 /* Project object */;
}
